
Microsoft Visual Studio Solution File, Format Version 12.00
# Visual Studio Version 17
VisualStudioVersion = 17.3.32825.248
MinimumVisualStudioVersion = 10.0.40219.1
Project("{FAE04EC0-301F-11D3-BF4B-00C04F79EFBC}") = "BukinistProject", "BukinistProject.csproj", "{C716CC9A-6BCF-4898-B350-6C84A364D8F2}"
EndProject
Global
	GlobalSection(SolutionConfigurationPlatforms) = preSolution
		Debug|Any CPU = Debug|Any CPU
		Release|Any CPU = Release|Any CPU
	EndGlobalSection
	GlobalSection(ProjectConfigurationPlatforms) = postSolution
		{C716CC9A-6BCF-4898-B350-6C84A364D8F2}.Debug|Any CPU.ActiveCfg = Debug|Any CPU
		{C716CC9A-6BCF-4898-B350-6C84A364D8F2}.Debug|Any CPU.Build.0 = Debug|Any CPU
		{C716CC9A-6BCF-4898-B350-6C84A364D8F2}.Release|Any CPU.ActiveCfg = Release|Any CPU
		{C716CC9A-6BCF-4898-B350-6C84A364D8F2}.Release|Any CPU.Build.0 = Release|Any CPU
	EndGlobalSection
	GlobalSection(SolutionProperties) = preSolution
		HideSolutionNode = FALSE
	EndGlobalSection
	GlobalSection(ExtensibilityGlobals) = postSolution
		SolutionGuid = {8C603649-EB54-443F-BE05-84F6DC490698}
	EndGlobalSection
EndGlobal
